// !$*UTF8*$!
{
	archiveVersion = 1;
	classes = {
	};
	objectVersion = 50;
	objects = {

/* Begin PBXBuildFile section */
		70826DD17F7F9AE0E0AD6FFF /* Pods_TinderNews.framework in Frameworks */ = {isa = PBXBuildFile; fileRef = BC412A933E6A512F2952AE1A /* Pods_TinderNews.framework */; };
		A90E5D7B21DD407900B04A23 /* Extension+Array.swift in Sources */ = {isa = PBXBuildFile; fileRef = A90E5D7A21DD407900B04A23 /* Extension+Array.swift */; };
		A90E5D8021DFF58100B04A23 /* StoreKit.framework in Frameworks */ = {isa = PBXBuildFile; fileRef = A90E5D7F21DFF58100B04A23 /* StoreKit.framework */; };
		A90E5D8221DFF5B400B04A23 /* AppPurchases.swift in Sources */ = {isa = PBXBuildFile; fileRef = A90E5D8121DFF5B400B04A23 /* AppPurchases.swift */; };
		A91E93A121BD4B2700AF4B77 /* NewsSerrvice.swift in Sources */ = {isa = PBXBuildFile; fileRef = A91E93A021BD4B2700AF4B77 /* NewsSerrvice.swift */; };
		A924ECA821B3F95800321D2C /* Page.swift in Sources */ = {isa = PBXBuildFile; fileRef = A924ECA721B3F95800321D2C /* Page.swift */; };
		A924ECAA21B3F9EA00321D2C /* ResponseData.swift in Sources */ = {isa = PBXBuildFile; fileRef = A924ECA921B3F9EA00321D2C /* ResponseData.swift */; };
		A928958D21A183540051EBC5 /* AppDelegate.swift in Sources */ = {isa = PBXBuildFile; fileRef = A928958C21A183540051EBC5 /* AppDelegate.swift */; };
		A928959421A183570051EBC5 /* Assets.xcassets in Resources */ = {isa = PBXBuildFile; fileRef = A928959321A183570051EBC5 /* Assets.xcassets */; };
		A928959721A183570051EBC5 /* LaunchScreen.storyboard in Resources */ = {isa = PBXBuildFile; fileRef = A928959521A183570051EBC5 /* LaunchScreen.storyboard */; };
		A92895A521A1F8330051EBC5 /* Configurable.swift in Sources */ = {isa = PBXBuildFile; fileRef = A92895A321A1F8320051EBC5 /* Configurable.swift */; };
		A92895A621A1F8330051EBC5 /* Identifiable.swift in Sources */ = {isa = PBXBuildFile; fileRef = A92895A421A1F8320051EBC5 /* Identifiable.swift */; };
		A92895A921A1F8470051EBC5 /* UIView.swift in Sources */ = {isa = PBXBuildFile; fileRef = A92895A821A1F8470051EBC5 /* UIView.swift */; };
		A92895AB21A1F87F0051EBC5 /* Article.swift in Sources */ = {isa = PBXBuildFile; fileRef = A92895AA21A1F87F0051EBC5 /* Article.swift */; };
		A92895B921A1F9B70051EBC5 /* NetworkService.swift in Sources */ = {isa = PBXBuildFile; fileRef = A92895B621A1F9B60051EBC5 /* NetworkService.swift */; };
		A92895BA21A1F9B70051EBC5 /* DataResponceError.swift in Sources */ = {isa = PBXBuildFile; fileRef = A92895B721A1F9B70051EBC5 /* DataResponceError.swift */; };
		A92895BB21A1F9B70051EBC5 /* Result.swift in Sources */ = {isa = PBXBuildFile; fileRef = A92895B821A1F9B70051EBC5 /* Result.swift */; };
		A92895C021A1FB550051EBC5 /* OnboardingViewController.swift in Sources */ = {isa = PBXBuildFile; fileRef = A92895BF21A1FB550051EBC5 /* OnboardingViewController.swift */; };
		A92895C221A1FBB80051EBC5 /* PageViewController.swift in Sources */ = {isa = PBXBuildFile; fileRef = A92895C121A1FBB80051EBC5 /* PageViewController.swift */; };
		A92895C921A1FEC20051EBC5 /* NewsCollectionViewCell.swift in Sources */ = {isa = PBXBuildFile; fileRef = A92895C821A1FEC20051EBC5 /* NewsCollectionViewCell.swift */; };
		A940F99121E7947200522677 /* CoreDataStackManage.swift in Sources */ = {isa = PBXBuildFile; fileRef = A940F99021E7947200522677 /* CoreDataStackManage.swift */; };
		A940F99421E7949300522677 /* News.xcdatamodeld in Sources */ = {isa = PBXBuildFile; fileRef = A940F99221E7949300522677 /* News.xcdatamodeld */; };
		A940F99621E79AC500522677 /* Favorite.swift in Sources */ = {isa = PBXBuildFile; fileRef = A940F99521E79AC500522677 /* Favorite.swift */; };
		A940F99821EA0E0D00522677 /* LoginRegisterStackView.swift in Sources */ = {isa = PBXBuildFile; fileRef = A940F99721EA0E0D00522677 /* LoginRegisterStackView.swift */; };
		A940F99A21EA3EF600522677 /* JoinView.swift in Sources */ = {isa = PBXBuildFile; fileRef = A940F99921EA3EF600522677 /* JoinView.swift */; };
		A940F99D21EA49A700522677 /* DismissButton.swift in Sources */ = {isa = PBXBuildFile; fileRef = A940F99C21EA49A700522677 /* DismissButton.swift */; };
		A94144D121C965ED00D362E0 /* DetailHeaderView.swift in Sources */ = {isa = PBXBuildFile; fileRef = A94144D021C965ED00D362E0 /* DetailHeaderView.swift */; };
		A94144D421C9685000D362E0 /* AdsTableViewCell.swift in Sources */ = {isa = PBXBuildFile; fileRef = A94144D321C9685000D362E0 /* AdsTableViewCell.swift */; };
		A94144D621C97A8000D362E0 /* RBResizer.swift in Sources */ = {isa = PBXBuildFile; fileRef = A94144D521C97A8000D362E0 /* RBResizer.swift */; };
		A94144EB21CA8E1E00D362E0 /* NewsViewController.swift in Sources */ = {isa = PBXBuildFile; fileRef = A94144EA21CA8E1E00D362E0 /* NewsViewController.swift */; };
		A94144EE21CA909400D362E0 /* NavigationStackView.swift in Sources */ = {isa = PBXBuildFile; fileRef = A94144ED21CA909400D362E0 /* NavigationStackView.swift */; };
		A94144F021CA90F500D362E0 /* HomebottomStackView.swift in Sources */ = {isa = PBXBuildFile; fileRef = A94144EF21CA90F500D362E0 /* HomebottomStackView.swift */; };
		A94144F221CA91B900D362E0 /* BasicView.swift in Sources */ = {isa = PBXBuildFile; fileRef = A94144F121CA91B900D362E0 /* BasicView.swift */; };
		A94144F421CA981000D362E0 /* CardView.swift in Sources */ = {isa = PBXBuildFile; fileRef = A94144F321CA981000D362E0 /* CardView.swift */; };
		A94144F621CAC37B00D362E0 /* AdsView.swift in Sources */ = {isa = PBXBuildFile; fileRef = A94144F521CAC37B00D362E0 /* AdsView.swift */; };
		A94144F821CAC4E200D362E0 /* ArticleView.swift in Sources */ = {isa = PBXBuildFile; fileRef = A94144F721CAC4E200D362E0 /* ArticleView.swift */; };
		A94144FA21CADE9600D362E0 /* CardViewDelegate.swift in Sources */ = {isa = PBXBuildFile; fileRef = A94144F921CADE9600D362E0 /* CardViewDelegate.swift */; };
		A94144FC21CBB33100D362E0 /* DetailsViewController.swift in Sources */ = {isa = PBXBuildFile; fileRef = A94144FB21CBB33100D362E0 /* DetailsViewController.swift */; };
		A941450121CBE56300D362E0 /* MainViewController.swift in Sources */ = {isa = PBXBuildFile; fileRef = A941450021CBE56300D362E0 /* MainViewController.swift */; };
		A941450321CBE78A00D362E0 /* HomeCollectionViewCell.swift in Sources */ = {isa = PBXBuildFile; fileRef = A941450221CBE78A00D362E0 /* HomeCollectionViewCell.swift */; };
		A941450521CBE97800D362E0 /* SettingsCollectionViewCell.swift in Sources */ = {isa = PBXBuildFile; fileRef = A941450421CBE97800D362E0 /* SettingsCollectionViewCell.swift */; };
		A941450721CBE98100D362E0 /* FavoriteCollectionViewCell.swift in Sources */ = {isa = PBXBuildFile; fileRef = A941450621CBE98100D362E0 /* FavoriteCollectionViewCell.swift */; };
		A941450921CD383600D362E0 /* ArticleTableViewCell.swift in Sources */ = {isa = PBXBuildFile; fileRef = A941450821CD383600D362E0 /* ArticleTableViewCell.swift */; };
		A941450B21CFD33A00D362E0 /* LineView.swift in Sources */ = {isa = PBXBuildFile; fileRef = A941450A21CFD33A00D362E0 /* LineView.swift */; };
		A941450D21CFD3D200D362E0 /* SeperatorStackView.swift in Sources */ = {isa = PBXBuildFile; fileRef = A941450C21CFD3D200D362E0 /* SeperatorStackView.swift */; };
		A941450F21CFD9D800D362E0 /* SocialMediaStack.swift in Sources */ = {isa = PBXBuildFile; fileRef = A941450E21CFD9D800D362E0 /* SocialMediaStack.swift */; };
		A941451121CFDA1100D362E0 /* Button.swift in Sources */ = {isa = PBXBuildFile; fileRef = A941451021CFDA1100D362E0 /* Button.swift */; };
		A941451321CFDF7E00D362E0 /* RegisterViewController.swift in Sources */ = {isa = PBXBuildFile; fileRef = A941451221CFDF7E00D362E0 /* RegisterViewController.swift */; };
		A941451521CFDFB000D362E0 /* JoinViewController.swift in Sources */ = {isa = PBXBuildFile; fileRef = A941451421CFDFB000D362E0 /* JoinViewController.swift */; };
		A9670FFA21D644860059ECD3 /* EchecResponse.swift in Sources */ = {isa = PBXBuildFile; fileRef = A9670FF921D644860059ECD3 /* EchecResponse.swift */; };
		A9670FFD21D6473C0059ECD3 /* HTTPStatus.swift in Sources */ = {isa = PBXBuildFile; fileRef = A9670FFC21D6473C0059ECD3 /* HTTPStatus.swift */; };
		A97C5E8D21C1BF1500BBB3EB /* GoogleService-Info.plist in Resources */ = {isa = PBXBuildFile; fileRef = A97C5E8C21C1BF1500BBB3EB /* GoogleService-Info.plist */; };
		A97C5E8F21C1BF8E00BBB3EB /* AdSupport.framework in Frameworks */ = {isa = PBXBuildFile; fileRef = A97C5E8E21C1BF8E00BBB3EB /* AdSupport.framework */; };
		A97C5E9121C26A8800BBB3EB /* Login.swift in Sources */ = {isa = PBXBuildFile; fileRef = A97C5E9021C26A8800BBB3EB /* Login.swift */; };
		A97C5E9321C26AE700BBB3EB /* LoginDelegate.swift in Sources */ = {isa = PBXBuildFile; fileRef = A97C5E9221C26AE700BBB3EB /* LoginDelegate.swift */; };
		A97C5E9521C26B3200BBB3EB /* User.swift in Sources */ = {isa = PBXBuildFile; fileRef = A97C5E9421C26B3200BBB3EB /* User.swift */; };
		A97C5E9721C26CD000BBB3EB /* LoginViewController.swift in Sources */ = {isa = PBXBuildFile; fileRef = A97C5E9621C26CCF00BBB3EB /* LoginViewController.swift */; };
		A97C5E9921C26DAA00BBB3EB /* UserDefaultKey.swift in Sources */ = {isa = PBXBuildFile; fileRef = A97C5E9821C26DAA00BBB3EB /* UserDefaultKey.swift */; };
		A97C5E9D21C26E4B00BBB3EB /* UserService.swift in Sources */ = {isa = PBXBuildFile; fileRef = A97C5E9C21C26E4B00BBB3EB /* UserService.swift */; };
		A97C5E9F21C26EC300BBB3EB /* UserResponse.swift in Sources */ = {isa = PBXBuildFile; fileRef = A97C5E9E21C26EC300BBB3EB /* UserResponse.swift */; };
		A97C61C921C28AC200BBB3EB /* UnifiedNativeAdView.xib in Resources */ = {isa = PBXBuildFile; fileRef = A97C61C821C28AC200BBB3EB /* UnifiedNativeAdView.xib */; };
		A97C61CC21C2E59C00BBB3EB /* DetailNewsTableViewController.swift in Sources */ = {isa = PBXBuildFile; fileRef = A97C61CB21C2E59C00BBB3EB /* DetailNewsTableViewController.swift */; };
		A97C61CE21C3C80800BBB3EB /* CardCollectionViewCell.swift in Sources */ = {isa = PBXBuildFile; fileRef = A97C61CD21C3C80800BBB3EB /* CardCollectionViewCell.swift */; };
		A97C61D221C3D12600BBB3EB /* EndPath.swift in Sources */ = {isa = PBXBuildFile; fileRef = A97C61D121C3D12600BBB3EB /* EndPath.swift */; };
		A97C61D421C3D1C100BBB3EB /* EndURL.swift in Sources */ = {isa = PBXBuildFile; fileRef = A97C61D321C3D1C100BBB3EB /* EndURL.swift */; };
		A97C61D721C3D6A800BBB3EB /* Keys.swift in Sources */ = {isa = PBXBuildFile; fileRef = A97C61D621C3D6A700BBB3EB /* Keys.swift */; };
		A97C61D921C3D70200BBB3EB /* Extension+UIViewController.swift in Sources */ = {isa = PBXBuildFile; fileRef = A97C61D821C3D70200BBB3EB /* Extension+UIViewController.swift */; };
		A97C61DB21C3D72100BBB3EB /* Extension+Encodable.swift in Sources */ = {isa = PBXBuildFile; fileRef = A97C61DA21C3D72100BBB3EB /* Extension+Encodable.swift */; };
		A97C61DF21C3D76400BBB3EB /* FromBackgroundToMain.swift in Sources */ = {isa = PBXBuildFile; fileRef = A97C61DE21C3D76400BBB3EB /* FromBackgroundToMain.swift */; };
		A97C61E121C3D79400BBB3EB /* Extension+String.swift in Sources */ = {isa = PBXBuildFile; fileRef = A97C61E021C3D79400BBB3EB /* Extension+String.swift */; };
		A97C61E321C3DA9F00BBB3EB /* AdmobToken.swift in Sources */ = {isa = PBXBuildFile; fileRef = A97C61E221C3DA9F00BBB3EB /* AdmobToken.swift */; };
		A97C61E521C3DF7A00BBB3EB /* LoginResponse.swift in Sources */ = {isa = PBXBuildFile; fileRef = A97C61E421C3DF7A00BBB3EB /* LoginResponse.swift */; };
		A97C61E821C407EF00BBB3EB /* ProfileViewController.swift in Sources */ = {isa = PBXBuildFile; fileRef = A97C61E721C407EF00BBB3EB /* ProfileViewController.swift */; };
		A97C61EE21C410E500BBB3EB /* BuyView.swift in Sources */ = {isa = PBXBuildFile; fileRef = A97C61ED21C410E500BBB3EB /* BuyView.swift */; };
		A97C622F21C52C0800BBB3EB /* GradientButton.swift in Sources */ = {isa = PBXBuildFile; fileRef = A97C622E21C52C0800BBB3EB /* GradientButton.swift */; };
		A97C623221C52FAD00BBB3EB /* BuyController.swift in Sources */ = {isa = PBXBuildFile; fileRef = A97C623121C52FAD00BBB3EB /* BuyController.swift */; };
		A997192F21F097CF003868C0 /* StoreKit.swift in Sources */ = {isa = PBXBuildFile; fileRef = A997192E21F097CF003868C0 /* StoreKit.swift */; };
		A997193121F0DF2A003868C0 /* NotificationHelper.swift in Sources */ = {isa = PBXBuildFile; fileRef = A997193021F0DF2A003868C0 /* NotificationHelper.swift */; };
		A997193321F0EC38003868C0 /* Unlocked.swift in Sources */ = {isa = PBXBuildFile; fileRef = A997193221F0EC38003868C0 /* Unlocked.swift */; };
		A997193521F0F851003868C0 /* Subscription.swift in Sources */ = {isa = PBXBuildFile; fileRef = A997193421F0F851003868C0 /* Subscription.swift */; };
		A997193721F0F860003868C0 /* SubscriptionService.swift in Sources */ = {isa = PBXBuildFile; fileRef = A997193621F0F860003868C0 /* SubscriptionService.swift */; };
		A997193921F0F991003868C0 /* PaidSubscription.swift in Sources */ = {isa = PBXBuildFile; fileRef = A997193821F0F991003868C0 /* PaidSubscription.swift */; };
		A997193C21F1DA4C003868C0 /* SubscribeViewController.swift in Sources */ = {isa = PBXBuildFile; fileRef = A997193B21F1DA4C003868C0 /* SubscribeViewController.swift */; };
		A997193E21F1DA67003868C0 /* SubscriptionOptionTableViewCell.swift in Sources */ = {isa = PBXBuildFile; fileRef = A997193D21F1DA67003868C0 /* SubscriptionOptionTableViewCell.swift */; };
		A997194021F1DA92003868C0 /* Subscription.storyboard in Resources */ = {isa = PBXBuildFile; fileRef = A997193F21F1DA92003868C0 /* Subscription.storyboard */; };
		A997ACD221E4B1D9007C897E /* IAPHelper.swift in Sources */ = {isa = PBXBuildFile; fileRef = A997ACD121E4B1D8007C897E /* IAPHelper.swift */; };
		A997ACD421E4B1EE007C897E /* RazeFaceProducts.swift in Sources */ = {isa = PBXBuildFile; fileRef = A997ACD321E4B1EE007C897E /* RazeFaceProducts.swift */; };
		A997ACD621E4BC0E007C897E /* SettingsTableViewController.swift in Sources */ = {isa = PBXBuildFile; fileRef = A997ACD521E4BC0E007C897E /* SettingsTableViewController.swift */; };
		A997ACD921E4BC30007C897E /* Settings.storyboard in Resources */ = {isa = PBXBuildFile; fileRef = A997ACD821E4BC30007C897E /* Settings.storyboard */; };
		A997ACDB21E4D0CC007C897E /* FrameworksTableViewController.swift in Sources */ = {isa = PBXBuildFile; fileRef = A997ACDA21E4D0CC007C897E /* FrameworksTableViewController.swift */; };
		A997ACDF21E4D690007C897E /* DetailLicensesViewController.swift in Sources */ = {isa = PBXBuildFile; fileRef = A997ACDE21E4D690007C897E /* DetailLicensesViewController.swift */; };
		A9D061B821D265E00093FE04 /* TextField.swift in Sources */ = {isa = PBXBuildFile; fileRef = A9D061B721D265E00093FE04 /* TextField.swift */; };
		A9D461F321D160DB005969F5 /* NavigationViewController.swift in Sources */ = {isa = PBXBuildFile; fileRef = A9D461F221D160DB005969F5 /* NavigationViewController.swift */; };
		A9F9FF6821A435B800197766 /* AdsCollectionViewCell.swift in Sources */ = {isa = PBXBuildFile; fileRef = A9F9FF6721A435B800197766 /* AdsCollectionViewCell.swift */; };
		A9F9FF6B21A436C300197766 /* TinderLayout.swift in Sources */ = {isa = PBXBuildFile; fileRef = A9F9FF6A21A436C300197766 /* TinderLayout.swift */; };
		A9F9FF6D21A43D8000197766 /* TinderDelegate.swift in Sources */ = {isa = PBXBuildFile; fileRef = A9F9FF6C21A43D8000197766 /* TinderDelegate.swift */; };
/* End PBXBuildFile section */

/* Begin PBXFileReference section */
		88CEFFCE3C8FDC212AF62371 /* Pods-TinderNews.debug.xcconfig */ = {isa = PBXFileReference; includeInIndex = 1; lastKnownFileType = text.xcconfig; name = "Pods-TinderNews.debug.xcconfig"; path = "Pods/Target Support Files/Pods-TinderNews/Pods-TinderNews.debug.xcconfig"; sourceTree = "<group>"; };
		A90E5D7A21DD407900B04A23 /* Extension+Array.swift */ = {isa = PBXFileReference; lastKnownFileType = sourcecode.swift; path = "Extension+Array.swift"; sourceTree = "<group>"; };
		A90E5D7E21DF7C1300B04A23 /* TinderNews.entitlements */ = {isa = PBXFileReference; lastKnownFileType = text.plist.entitlements; path = TinderNews.entitlements; sourceTree = "<group>"; };
		A90E5D7F21DFF58100B04A23 /* StoreKit.framework */ = {isa = PBXFileReference; lastKnownFileType = wrapper.framework; name = StoreKit.framework; path = System/Library/Frameworks/StoreKit.framework; sourceTree = SDKROOT; };
		A90E5D8121DFF5B400B04A23 /* AppPurchases.swift */ = {isa = PBXFileReference; lastKnownFileType = sourcecode.swift; path = AppPurchases.swift; sourceTree = "<group>"; };
		A91E93A021BD4B2700AF4B77 /* NewsSerrvice.swift */ = {isa = PBXFileReference; lastKnownFileType = sourcecode.swift; path = NewsSerrvice.swift; sourceTree = "<group>"; };
		A924ECA721B3F95800321D2C /* Page.swift */ = {isa = PBXFileReference; lastKnownFileType = sourcecode.swift; path = Page.swift; sourceTree = "<group>"; };
		A924ECA921B3F9EA00321D2C /* ResponseData.swift */ = {isa = PBXFileReference; lastKnownFileType = sourcecode.swift; path = ResponseData.swift; sourceTree = "<group>"; };
		A928958921A183540051EBC5 /* TinderNews.app */ = {isa = PBXFileReference; explicitFileType = wrapper.application; includeInIndex = 0; path = TinderNews.app; sourceTree = BUILT_PRODUCTS_DIR; };
		A928958C21A183540051EBC5 /* AppDelegate.swift */ = {isa = PBXFileReference; lastKnownFileType = sourcecode.swift; path = AppDelegate.swift; sourceTree = "<group>"; };
		A928959321A183570051EBC5 /* Assets.xcassets */ = {isa = PBXFileReference; lastKnownFileType = folder.assetcatalog; path = Assets.xcassets; sourceTree = "<group>"; };
		A928959621A183570051EBC5 /* Base */ = {isa = PBXFileReference; lastKnownFileType = file.storyboard; name = Base; path = Base.lproj/LaunchScreen.storyboard; sourceTree = "<group>"; };
		A928959821A183570051EBC5 /* Info.plist */ = {isa = PBXFileReference; lastKnownFileType = text.plist.xml; path = Info.plist; sourceTree = "<group>"; };
		A92895A321A1F8320051EBC5 /* Configurable.swift */ = {isa = PBXFileReference; fileEncoding = 4; lastKnownFileType = sourcecode.swift; path = Configurable.swift; sourceTree = "<group>"; };
		A92895A421A1F8320051EBC5 /* Identifiable.swift */ = {isa = PBXFileReference; fileEncoding = 4; lastKnownFileType = sourcecode.swift; path = Identifiable.swift; sourceTree = "<group>"; };
		A92895A821A1F8470051EBC5 /* UIView.swift */ = {isa = PBXFileReference; fileEncoding = 4; lastKnownFileType = sourcecode.swift; path = UIView.swift; sourceTree = "<group>"; };
		A92895AA21A1F87F0051EBC5 /* Article.swift */ = {isa = PBXFileReference; lastKnownFileType = sourcecode.swift; path = Article.swift; sourceTree = "<group>"; };
		A92895B621A1F9B60051EBC5 /* NetworkService.swift */ = {isa = PBXFileReference; fileEncoding = 4; lastKnownFileType = sourcecode.swift; path = NetworkService.swift; sourceTree = "<group>"; };
		A92895B721A1F9B70051EBC5 /* DataResponceError.swift */ = {isa = PBXFileReference; fileEncoding = 4; lastKnownFileType = sourcecode.swift; path = DataResponceError.swift; sourceTree = "<group>"; };
		A92895B821A1F9B70051EBC5 /* Result.swift */ = {isa = PBXFileReference; fileEncoding = 4; lastKnownFileType = sourcecode.swift; path = Result.swift; sourceTree = "<group>"; };
		A92895BF21A1FB550051EBC5 /* OnboardingViewController.swift */ = {isa = PBXFileReference; fileEncoding = 4; lastKnownFileType = sourcecode.swift; path = OnboardingViewController.swift; sourceTree = "<group>"; };
		A92895C121A1FBB80051EBC5 /* PageViewController.swift */ = {isa = PBXFileReference; lastKnownFileType = sourcecode.swift; path = PageViewController.swift; sourceTree = "<group>"; };
		A92895C821A1FEC20051EBC5 /* NewsCollectionViewCell.swift */ = {isa = PBXFileReference; lastKnownFileType = sourcecode.swift; path = NewsCollectionViewCell.swift; sourceTree = "<group>"; };
		A940F99021E7947200522677 /* CoreDataStackManage.swift */ = {isa = PBXFileReference; fileEncoding = 4; lastKnownFileType = sourcecode.swift; path = CoreDataStackManage.swift; sourceTree = "<group>"; };
		A940F99321E7949300522677 /* News.xcdatamodel */ = {isa = PBXFileReference; lastKnownFileType = wrapper.xcdatamodel; path = News.xcdatamodel; sourceTree = "<group>"; };
		A940F99521E79AC500522677 /* Favorite.swift */ = {isa = PBXFileReference; lastKnownFileType = sourcecode.swift; path = Favorite.swift; sourceTree = "<group>"; };
		A940F99721EA0E0D00522677 /* LoginRegisterStackView.swift */ = {isa = PBXFileReference; lastKnownFileType = sourcecode.swift; path = LoginRegisterStackView.swift; sourceTree = "<group>"; };
		A940F99921EA3EF600522677 /* JoinView.swift */ = {isa = PBXFileReference; lastKnownFileType = sourcecode.swift; path = JoinView.swift; sourceTree = "<group>"; };
		A940F99C21EA49A700522677 /* DismissButton.swift */ = {isa = PBXFileReference; lastKnownFileType = sourcecode.swift; path = DismissButton.swift; sourceTree = "<group>"; };
		A94144D021C965ED00D362E0 /* DetailHeaderView.swift */ = {isa = PBXFileReference; lastKnownFileType = sourcecode.swift; path = DetailHeaderView.swift; sourceTree = "<group>"; };
		A94144D321C9685000D362E0 /* AdsTableViewCell.swift */ = {isa = PBXFileReference; lastKnownFileType = sourcecode.swift; path = AdsTableViewCell.swift; sourceTree = "<group>"; };
		A94144D521C97A8000D362E0 /* RBResizer.swift */ = {isa = PBXFileReference; lastKnownFileType = sourcecode.swift; path = RBResizer.swift; sourceTree = "<group>"; };
		A94144EA21CA8E1E00D362E0 /* NewsViewController.swift */ = {isa = PBXFileReference; lastKnownFileType = sourcecode.swift; path = NewsViewController.swift; sourceTree = "<group>"; };
		A94144ED21CA909400D362E0 /* NavigationStackView.swift */ = {isa = PBXFileReference; lastKnownFileType = sourcecode.swift; path = NavigationStackView.swift; sourceTree = "<group>"; };
		A94144EF21CA90F500D362E0 /* HomebottomStackView.swift */ = {isa = PBXFileReference; lastKnownFileType = sourcecode.swift; path = HomebottomStackView.swift; sourceTree = "<group>"; };
		A94144F121CA91B900D362E0 /* BasicView.swift */ = {isa = PBXFileReference; lastKnownFileType = sourcecode.swift; path = BasicView.swift; sourceTree = "<group>"; };
		A94144F321CA981000D362E0 /* CardView.swift */ = {isa = PBXFileReference; lastKnownFileType = sourcecode.swift; path = CardView.swift; sourceTree = "<group>"; };
		A94144F521CAC37B00D362E0 /* AdsView.swift */ = {isa = PBXFileReference; lastKnownFileType = sourcecode.swift; path = AdsView.swift; sourceTree = "<group>"; };
		A94144F721CAC4E200D362E0 /* ArticleView.swift */ = {isa = PBXFileReference; lastKnownFileType = sourcecode.swift; path = ArticleView.swift; sourceTree = "<group>"; };
		A94144F921CADE9600D362E0 /* CardViewDelegate.swift */ = {isa = PBXFileReference; lastKnownFileType = sourcecode.swift; path = CardViewDelegate.swift; sourceTree = "<group>"; };
		A94144FB21CBB33100D362E0 /* DetailsViewController.swift */ = {isa = PBXFileReference; lastKnownFileType = sourcecode.swift; path = DetailsViewController.swift; sourceTree = "<group>"; };
		A941450021CBE56300D362E0 /* MainViewController.swift */ = {isa = PBXFileReference; lastKnownFileType = sourcecode.swift; path = MainViewController.swift; sourceTree = "<group>"; };
		A941450221CBE78A00D362E0 /* HomeCollectionViewCell.swift */ = {isa = PBXFileReference; lastKnownFileType = sourcecode.swift; path = HomeCollectionViewCell.swift; sourceTree = "<group>"; };
		A941450421CBE97800D362E0 /* SettingsCollectionViewCell.swift */ = {isa = PBXFileReference; lastKnownFileType = sourcecode.swift; path = SettingsCollectionViewCell.swift; sourceTree = "<group>"; };
		A941450621CBE98100D362E0 /* FavoriteCollectionViewCell.swift */ = {isa = PBXFileReference; lastKnownFileType = sourcecode.swift; path = FavoriteCollectionViewCell.swift; sourceTree = "<group>"; };
		A941450821CD383600D362E0 /* ArticleTableViewCell.swift */ = {isa = PBXFileReference; lastKnownFileType = sourcecode.swift; path = ArticleTableViewCell.swift; sourceTree = "<group>"; };
		A941450A21CFD33A00D362E0 /* LineView.swift */ = {isa = PBXFileReference; lastKnownFileType = sourcecode.swift; path = LineView.swift; sourceTree = "<group>"; };
		A941450C21CFD3D200D362E0 /* SeperatorStackView.swift */ = {isa = PBXFileReference; lastKnownFileType = sourcecode.swift; path = SeperatorStackView.swift; sourceTree = "<group>"; };
		A941450E21CFD9D800D362E0 /* SocialMediaStack.swift */ = {isa = PBXFileReference; lastKnownFileType = sourcecode.swift; path = SocialMediaStack.swift; sourceTree = "<group>"; };
		A941451021CFDA1100D362E0 /* Button.swift */ = {isa = PBXFileReference; lastKnownFileType = sourcecode.swift; path = Button.swift; sourceTree = "<group>"; };
		A941451221CFDF7E00D362E0 /* RegisterViewController.swift */ = {isa = PBXFileReference; lastKnownFileType = sourcecode.swift; path = RegisterViewController.swift; sourceTree = "<group>"; };
		A941451421CFDFB000D362E0 /* JoinViewController.swift */ = {isa = PBXFileReference; lastKnownFileType = sourcecode.swift; path = JoinViewController.swift; sourceTree = "<group>"; };
		A9670FF921D644860059ECD3 /* EchecResponse.swift */ = {isa = PBXFileReference; lastKnownFileType = sourcecode.swift; path = EchecResponse.swift; sourceTree = "<group>"; };
		A9670FFC21D6473C0059ECD3 /* HTTPStatus.swift */ = {isa = PBXFileReference; lastKnownFileType = sourcecode.swift; path = HTTPStatus.swift; sourceTree = "<group>"; };
		A97C5E8C21C1BF1500BBB3EB /* GoogleService-Info.plist */ = {isa = PBXFileReference; fileEncoding = 4; lastKnownFileType = text.plist.xml; path = "GoogleService-Info.plist"; sourceTree = "<group>"; };
		A97C5E8E21C1BF8E00BBB3EB /* AdSupport.framework */ = {isa = PBXFileReference; lastKnownFileType = wrapper.framework; name = AdSupport.framework; path = System/Library/Frameworks/AdSupport.framework; sourceTree = SDKROOT; };
		A97C5E9021C26A8800BBB3EB /* Login.swift */ = {isa = PBXFileReference; lastKnownFileType = sourcecode.swift; path = Login.swift; sourceTree = "<group>"; };
		A97C5E9221C26AE700BBB3EB /* LoginDelegate.swift */ = {isa = PBXFileReference; lastKnownFileType = sourcecode.swift; path = LoginDelegate.swift; sourceTree = "<group>"; };
		A97C5E9421C26B3200BBB3EB /* User.swift */ = {isa = PBXFileReference; lastKnownFileType = sourcecode.swift; path = User.swift; sourceTree = "<group>"; };
		A97C5E9621C26CCF00BBB3EB /* LoginViewController.swift */ = {isa = PBXFileReference; lastKnownFileType = sourcecode.swift; path = LoginViewController.swift; sourceTree = "<group>"; };
		A97C5E9821C26DAA00BBB3EB /* UserDefaultKey.swift */ = {isa = PBXFileReference; lastKnownFileType = sourcecode.swift; path = UserDefaultKey.swift; sourceTree = "<group>"; };
		A97C5E9C21C26E4B00BBB3EB /* UserService.swift */ = {isa = PBXFileReference; lastKnownFileType = sourcecode.swift; path = UserService.swift; sourceTree = "<group>"; };
		A97C5E9E21C26EC300BBB3EB /* UserResponse.swift */ = {isa = PBXFileReference; lastKnownFileType = sourcecode.swift; path = UserResponse.swift; sourceTree = "<group>"; };
		A97C61C821C28AC200BBB3EB /* UnifiedNativeAdView.xib */ = {isa = PBXFileReference; fileEncoding = 4; lastKnownFileType = file.xib; path = UnifiedNativeAdView.xib; sourceTree = "<group>"; };
		A97C61CB21C2E59C00BBB3EB /* DetailNewsTableViewController.swift */ = {isa = PBXFileReference; lastKnownFileType = sourcecode.swift; path = DetailNewsTableViewController.swift; sourceTree = "<group>"; };
		A97C61CD21C3C80800BBB3EB /* CardCollectionViewCell.swift */ = {isa = PBXFileReference; lastKnownFileType = sourcecode.swift; path = CardCollectionViewCell.swift; sourceTree = "<group>"; };
		A97C61D121C3D12600BBB3EB /* EndPath.swift */ = {isa = PBXFileReference; lastKnownFileType = sourcecode.swift; path = EndPath.swift; sourceTree = "<group>"; };
		A97C61D321C3D1C100BBB3EB /* EndURL.swift */ = {isa = PBXFileReference; lastKnownFileType = sourcecode.swift; path = EndURL.swift; sourceTree = "<group>"; };
		A97C61D621C3D6A700BBB3EB /* Keys.swift */ = {isa = PBXFileReference; lastKnownFileType = sourcecode.swift; path = Keys.swift; sourceTree = "<group>"; };
		A97C61D821C3D70200BBB3EB /* Extension+UIViewController.swift */ = {isa = PBXFileReference; lastKnownFileType = sourcecode.swift; path = "Extension+UIViewController.swift"; sourceTree = "<group>"; };
		A97C61DA21C3D72100BBB3EB /* Extension+Encodable.swift */ = {isa = PBXFileReference; lastKnownFileType = sourcecode.swift; path = "Extension+Encodable.swift"; sourceTree = "<group>"; };
		A97C61DE21C3D76400BBB3EB /* FromBackgroundToMain.swift */ = {isa = PBXFileReference; lastKnownFileType = sourcecode.swift; path = FromBackgroundToMain.swift; sourceTree = "<group>"; };
		A97C61E021C3D79400BBB3EB /* Extension+String.swift */ = {isa = PBXFileReference; lastKnownFileType = sourcecode.swift; path = "Extension+String.swift"; sourceTree = "<group>"; };
		A97C61E221C3DA9F00BBB3EB /* AdmobToken.swift */ = {isa = PBXFileReference; lastKnownFileType = sourcecode.swift; path = AdmobToken.swift; sourceTree = "<group>"; };
		A97C61E421C3DF7A00BBB3EB /* LoginResponse.swift */ = {isa = PBXFileReference; lastKnownFileType = sourcecode.swift; path = LoginResponse.swift; sourceTree = "<group>"; };
		A97C61E721C407EF00BBB3EB /* ProfileViewController.swift */ = {isa = PBXFileReference; lastKnownFileType = sourcecode.swift; path = ProfileViewController.swift; sourceTree = "<group>"; };
		A97C61ED21C410E500BBB3EB /* BuyView.swift */ = {isa = PBXFileReference; lastKnownFileType = sourcecode.swift; path = BuyView.swift; sourceTree = "<group>"; };
		A97C622E21C52C0800BBB3EB /* GradientButton.swift */ = {isa = PBXFileReference; lastKnownFileType = sourcecode.swift; path = GradientButton.swift; sourceTree = "<group>"; };
		A97C623121C52FAD00BBB3EB /* BuyController.swift */ = {isa = PBXFileReference; lastKnownFileType = sourcecode.swift; path = BuyController.swift; sourceTree = "<group>"; };
		A997192E21F097CF003868C0 /* StoreKit.swift */ = {isa = PBXFileReference; lastKnownFileType = sourcecode.swift; path = StoreKit.swift; sourceTree = "<group>"; };
		A997193021F0DF2A003868C0 /* NotificationHelper.swift */ = {isa = PBXFileReference; lastKnownFileType = sourcecode.swift; path = NotificationHelper.swift; sourceTree = "<group>"; };
		A997193221F0EC38003868C0 /* Unlocked.swift */ = {isa = PBXFileReference; lastKnownFileType = sourcecode.swift; path = Unlocked.swift; sourceTree = "<group>"; };
		A997193421F0F851003868C0 /* Subscription.swift */ = {isa = PBXFileReference; fileEncoding = 4; lastKnownFileType = sourcecode.swift; path = Subscription.swift; sourceTree = "<group>"; };
		A997193621F0F860003868C0 /* SubscriptionService.swift */ = {isa = PBXFileReference; fileEncoding = 4; lastKnownFileType = sourcecode.swift; path = SubscriptionService.swift; sourceTree = "<group>"; };
		A997193821F0F991003868C0 /* PaidSubscription.swift */ = {isa = PBXFileReference; fileEncoding = 4; lastKnownFileType = sourcecode.swift; path = PaidSubscription.swift; sourceTree = "<group>"; };
		A997193B21F1DA4C003868C0 /* SubscribeViewController.swift */ = {isa = PBXFileReference; fileEncoding = 4; lastKnownFileType = sourcecode.swift; path = SubscribeViewController.swift; sourceTree = "<group>"; };
		A997193D21F1DA67003868C0 /* SubscriptionOptionTableViewCell.swift */ = {isa = PBXFileReference; fileEncoding = 4; lastKnownFileType = sourcecode.swift; path = SubscriptionOptionTableViewCell.swift; sourceTree = "<group>"; };
		A997193F21F1DA92003868C0 /* Subscription.storyboard */ = {isa = PBXFileReference; lastKnownFileType = file.storyboard; path = Subscription.storyboard; sourceTree = "<group>"; };
		A997ACD121E4B1D8007C897E /* IAPHelper.swift */ = {isa = PBXFileReference; fileEncoding = 4; lastKnownFileType = sourcecode.swift; path = IAPHelper.swift; sourceTree = "<group>"; };
		A997ACD321E4B1EE007C897E /* RazeFaceProducts.swift */ = {isa = PBXFileReference; fileEncoding = 4; lastKnownFileType = sourcecode.swift; path = RazeFaceProducts.swift; sourceTree = "<group>"; };
		A997ACD521E4BC0E007C897E /* SettingsTableViewController.swift */ = {isa = PBXFileReference; lastKnownFileType = sourcecode.swift; path = SettingsTableViewController.swift; sourceTree = "<group>"; };
		A997ACD821E4BC30007C897E /* Settings.storyboard */ = {isa = PBXFileReference; lastKnownFileType = file.storyboard; path = Settings.storyboard; sourceTree = "<group>"; };
		A997ACDA21E4D0CC007C897E /* FrameworksTableViewController.swift */ = {isa = PBXFileReference; lastKnownFileType = sourcecode.swift; path = FrameworksTableViewController.swift; sourceTree = "<group>"; };
		A997ACDE21E4D690007C897E /* DetailLicensesViewController.swift */ = {isa = PBXFileReference; lastKnownFileType = sourcecode.swift; path = DetailLicensesViewController.swift; sourceTree = "<group>"; };
		A9D061B721D265E00093FE04 /* TextField.swift */ = {isa = PBXFileReference; lastKnownFileType = sourcecode.swift; path = TextField.swift; sourceTree = "<group>"; };
		A9D461F221D160DB005969F5 /* NavigationViewController.swift */ = {isa = PBXFileReference; lastKnownFileType = sourcecode.swift; path = NavigationViewController.swift; sourceTree = "<group>"; };
		A9F9FF6721A435B800197766 /* AdsCollectionViewCell.swift */ = {isa = PBXFileReference; lastKnownFileType = sourcecode.swift; path = AdsCollectionViewCell.swift; sourceTree = "<group>"; };
		A9F9FF6A21A436C300197766 /* TinderLayout.swift */ = {isa = PBXFileReference; lastKnownFileType = sourcecode.swift; path = TinderLayout.swift; sourceTree = "<group>"; };
		A9F9FF6C21A43D8000197766 /* TinderDelegate.swift */ = {isa = PBXFileReference; lastKnownFileType = sourcecode.swift; path = TinderDelegate.swift; sourceTree = "<group>"; };
		BC412A933E6A512F2952AE1A /* Pods_TinderNews.framework */ = {isa = PBXFileReference; explicitFileType = wrapper.framework; includeInIndex = 0; path = Pods_TinderNews.framework; sourceTree = BUILT_PRODUCTS_DIR; };
		D517FEDF5D75EF4E64341158 /* Pods-TinderNews.release.xcconfig */ = {isa = PBXFileReference; includeInIndex = 1; lastKnownFileType = text.xcconfig; name = "Pods-TinderNews.release.xcconfig"; path = "Pods/Target Support Files/Pods-TinderNews/Pods-TinderNews.release.xcconfig"; sourceTree = "<group>"; };
/* End PBXFileReference section */

/* Begin PBXFrameworksBuildPhase section */
		A928958621A183540051EBC5 /* Frameworks */ = {
			isa = PBXFrameworksBuildPhase;
			buildActionMask = 2147483647;
			files = (
				A90E5D8021DFF58100B04A23 /* StoreKit.framework in Frameworks */,
				A97C5E8F21C1BF8E00BBB3EB /* AdSupport.framework in Frameworks */,
				70826DD17F7F9AE0E0AD6FFF /* Pods_TinderNews.framework in Frameworks */,
			);
			runOnlyForDeploymentPostprocessing = 0;
		};
/* End PBXFrameworksBuildPhase section */

/* Begin PBXGroup section */
		A928958021A183540051EBC5 = {
			isa = PBXGroup;
			children = (
				A928958B21A183540051EBC5 /* TinderNews */,
				A928958A21A183540051EBC5 /* Products */,
				C3BFA67BA1349984C0640F00 /* Pods */,
				B02BFE16DAFD1A758D7E80A1 /* Frameworks */,
			);
			sourceTree = "<group>";
		};
		A928958A21A183540051EBC5 /* Products */ = {
			isa = PBXGroup;
			children = (
				A928958921A183540051EBC5 /* TinderNews.app */,
			);
			name = Products;
			sourceTree = "<group>";
		};
		A928958B21A183540051EBC5 /* TinderNews */ = {
			isa = PBXGroup;
			children = (
				A940F98F21E793FF00522677 /* CoreData */,
				A90E5D7E21DF7C1300B04A23 /* TinderNews.entitlements */,
				A97C61DD21C3D74A00BBB3EB /* HelperMethod */,
				A97C5E9A21C26E1F00BBB3EB /* NetworkHelper */,
				A9F9FF6921A4368E00197766 /* Layout */,
				A92895A721A1F83D0051EBC5 /* Extension */,
				A92895A221A1F8170051EBC5 /* Service */,
				A92895A121A1F80C0051EBC5 /* Controller */,
				A92895A021A1F8080051EBC5 /* View */,
				A928959F21A1F8000051EBC5 /* Model */,
				A928959E21A1F7ED0051EBC5 /* Protocol */,
				A928958C21A183540051EBC5 /* AppDelegate.swift */,
				A97C5E8C21C1BF1500BBB3EB /* GoogleService-Info.plist */,
				A928959321A183570051EBC5 /* Assets.xcassets */,
				A928959521A183570051EBC5 /* LaunchScreen.storyboard */,
				A928959821A183570051EBC5 /* Info.plist */,
			);
			path = TinderNews;
			sourceTree = "<group>";
		};
		A928959E21A1F7ED0051EBC5 /* Protocol */ = {
			isa = PBXGroup;
			children = (
				A92895A321A1F8320051EBC5 /* Configurable.swift */,
				A92895A421A1F8320051EBC5 /* Identifiable.swift */,
				A9F9FF6C21A43D8000197766 /* TinderDelegate.swift */,
				A97C5E9221C26AE700BBB3EB /* LoginDelegate.swift */,
				A94144F921CADE9600D362E0 /* CardViewDelegate.swift */,
			);
			path = Protocol;
			sourceTree = "<group>";
		};
		A928959F21A1F8000051EBC5 /* Model */ = {
			isa = PBXGroup;
			children = (
				A9670FFB21D647220059ECD3 /* Response */,
				A97C61D521C3D68F00BBB3EB /* Constant */,
				A92895AA21A1F87F0051EBC5 /* Article.swift */,
				A997193621F0F860003868C0 /* SubscriptionService.swift */,
				A997193821F0F991003868C0 /* PaidSubscription.swift */,
				A924ECA721B3F95800321D2C /* Page.swift */,
				A97C5E9421C26B3200BBB3EB /* User.swift */,
				A97C5E9021C26A8800BBB3EB /* Login.swift */,
			);
			path = Model;
			sourceTree = "<group>";
		};
		A92895A021A1F8080051EBC5 /* View */ = {
			isa = PBXGroup;
			children = (
				A940F99B21EA498900522677 /* UIButton */,
				A94144EC21CA907C00D362E0 /* UIStackView */,
				A94144D221C9683000D362E0 /* UITableViewCell */,
				A97C61EC21C410B500BBB3EB /* UIView */,
				A92895C721A1FE840051EBC5 /* UICollectionViewCell */,
				A97C622E21C52C0800BBB3EB /* GradientButton.swift */,
				A94144F121CA91B900D362E0 /* BasicView.swift */,
			);
			path = View;
			sourceTree = "<group>";
		};
		A92895A121A1F80C0051EBC5 /* Controller */ = {
			isa = PBXGroup;
			children = (
				A997193A21F1DA20003868C0 /* Subscription */,
				A997ACD721E4BC15007C897E /* Settings */,
				A9D461F121D160C5005969F5 /* Navigation */,
				A94144FF21CBE55600D362E0 /* Main */,
				A97C623021C52F9C00BBB3EB /* BuyController */,
				A97C61E621C407D000BBB3EB /* Profile */,
				A97C61CA21C2E57800BBB3EB /* DetailNews */,
				A92895C421A1FC890051EBC5 /* LoginAndRegisterProcess */,
				A92895C321A1FC830051EBC5 /* News */,
				A92895BE21A1FB4D0051EBC5 /* Onboarding */,
			);
			path = Controller;
			sourceTree = "<group>";
		};
		A92895A221A1F8170051EBC5 /* Service */ = {
			isa = PBXGroup;
			children = (
				A91E93A021BD4B2700AF4B77 /* NewsSerrvice.swift */,
				A97C5E9C21C26E4B00BBB3EB /* UserService.swift */,
			);
			path = Service;
			sourceTree = "<group>";
		};
		A92895A721A1F83D0051EBC5 /* Extension */ = {
			isa = PBXGroup;
			children = (
				A92895A821A1F8470051EBC5 /* UIView.swift */,
				A97C61D821C3D70200BBB3EB /* Extension+UIViewController.swift */,
				A97C61DA21C3D72100BBB3EB /* Extension+Encodable.swift */,
				A97C61E021C3D79400BBB3EB /* Extension+String.swift */,
				A90E5D7A21DD407900B04A23 /* Extension+Array.swift */,
			);
			path = Extension;
			sourceTree = "<group>";
		};
		A92895BE21A1FB4D0051EBC5 /* Onboarding */ = {
			isa = PBXGroup;
			children = (
				A92895BF21A1FB550051EBC5 /* OnboardingViewController.swift */,
				A92895C121A1FBB80051EBC5 /* PageViewController.swift */,
			);
			path = Onboarding;
			sourceTree = "<group>";
		};
		A92895C321A1FC830051EBC5 /* News */ = {
			isa = PBXGroup;
			children = (
				A94144EA21CA8E1E00D362E0 /* NewsViewController.swift */,
			);
			path = News;
			sourceTree = "<group>";
		};
		A92895C421A1FC890051EBC5 /* LoginAndRegisterProcess */ = {
			isa = PBXGroup;
			children = (
				A97C5E9621C26CCF00BBB3EB /* LoginViewController.swift */,
				A941451221CFDF7E00D362E0 /* RegisterViewController.swift */,
				A941451421CFDFB000D362E0 /* JoinViewController.swift */,
			);
			path = LoginAndRegisterProcess;
			sourceTree = "<group>";
		};
		A92895C721A1FE840051EBC5 /* UICollectionViewCell */ = {
			isa = PBXGroup;
			children = (
				A92895C821A1FEC20051EBC5 /* NewsCollectionViewCell.swift */,
				A97C61C821C28AC200BBB3EB /* UnifiedNativeAdView.xib */,
				A9F9FF6721A435B800197766 /* AdsCollectionViewCell.swift */,
				A97C61CD21C3C80800BBB3EB /* CardCollectionViewCell.swift */,
				A941450221CBE78A00D362E0 /* HomeCollectionViewCell.swift */,
				A941450421CBE97800D362E0 /* SettingsCollectionViewCell.swift */,
				A941450621CBE98100D362E0 /* FavoriteCollectionViewCell.swift */,
			);
			path = UICollectionViewCell;
			sourceTree = "<group>";
		};
		A940F98F21E793FF00522677 /* CoreData */ = {
			isa = PBXGroup;
			children = (
				A940F99021E7947200522677 /* CoreDataStackManage.swift */,
				A940F99221E7949300522677 /* News.xcdatamodeld */,
				A940F99521E79AC500522677 /* Favorite.swift */,
			);
			path = CoreData;
			sourceTree = "<group>";
		};
		A940F99B21EA498900522677 /* UIButton */ = {
			isa = PBXGroup;
			children = (
				A940F99C21EA49A700522677 /* DismissButton.swift */,
			);
			path = UIButton;
			sourceTree = "<group>";
		};
		A94144D221C9683000D362E0 /* UITableViewCell */ = {
			isa = PBXGroup;
			children = (
				A94144D321C9685000D362E0 /* AdsTableViewCell.swift */,
				A941450821CD383600D362E0 /* ArticleTableViewCell.swift */,
			);
			path = UITableViewCell;
			sourceTree = "<group>";
		};
		A94144EC21CA907C00D362E0 /* UIStackView */ = {
			isa = PBXGroup;
			children = (
				A94144ED21CA909400D362E0 /* NavigationStackView.swift */,
				A94144EF21CA90F500D362E0 /* HomebottomStackView.swift */,
				A941450C21CFD3D200D362E0 /* SeperatorStackView.swift */,
				A941450E21CFD9D800D362E0 /* SocialMediaStack.swift */,
				A940F99721EA0E0D00522677 /* LoginRegisterStackView.swift */,
			);
			path = UIStackView;
			sourceTree = "<group>";
		};
		A94144FF21CBE55600D362E0 /* Main */ = {
			isa = PBXGroup;
			children = (
				A941450021CBE56300D362E0 /* MainViewController.swift */,
			);
			path = Main;
			sourceTree = "<group>";
		};
		A9670FFB21D647220059ECD3 /* Response */ = {
			isa = PBXGroup;
			children = (
				A97C61E421C3DF7A00BBB3EB /* LoginResponse.swift */,
				A924ECA921B3F9EA00321D2C /* ResponseData.swift */,
				A97C5E9E21C26EC300BBB3EB /* UserResponse.swift */,
				A9670FF921D644860059ECD3 /* EchecResponse.swift */,
				A9670FFC21D6473C0059ECD3 /* HTTPStatus.swift */,
			);
			path = Response;
			sourceTree = "<group>";
		};
		A97C5E9A21C26E1F00BBB3EB /* NetworkHelper */ = {
			isa = PBXGroup;
			children = (
				A92895B721A1F9B70051EBC5 /* DataResponceError.swift */,
				A92895B621A1F9B60051EBC5 /* NetworkService.swift */,
				A92895B821A1F9B70051EBC5 /* Result.swift */,
				A97C61D121C3D12600BBB3EB /* EndPath.swift */,
				A97C61D321C3D1C100BBB3EB /* EndURL.swift */,
			);
			path = NetworkHelper;
			sourceTree = "<group>";
		};
		A97C61CA21C2E57800BBB3EB /* DetailNews */ = {
			isa = PBXGroup;
			children = (
				A97C61CB21C2E59C00BBB3EB /* DetailNewsTableViewController.swift */,
				A94144FB21CBB33100D362E0 /* DetailsViewController.swift */,
			);
			path = DetailNews;
			sourceTree = "<group>";
		};
		A97C61D521C3D68F00BBB3EB /* Constant */ = {
			isa = PBXGroup;
			children = (
				A997193421F0F851003868C0 /* Subscription.swift */,
				A97C5E9821C26DAA00BBB3EB /* UserDefaultKey.swift */,
				A90E5D8121DFF5B400B04A23 /* AppPurchases.swift */,
				A97C61D621C3D6A700BBB3EB /* Keys.swift */,
				A97C61E221C3DA9F00BBB3EB /* AdmobToken.swift */,
				A997193221F0EC38003868C0 /* Unlocked.swift */,
			);
			path = Constant;
			sourceTree = "<group>";
		};
		A97C61DD21C3D74A00BBB3EB /* HelperMethod */ = {
			isa = PBXGroup;
			children = (
				A997ACD121E4B1D8007C897E /* IAPHelper.swift */,
				A997ACD321E4B1EE007C897E /* RazeFaceProducts.swift */,
				A97C61DE21C3D76400BBB3EB /* FromBackgroundToMain.swift */,
				A94144D521C97A8000D362E0 /* RBResizer.swift */,
				A941451021CFDA1100D362E0 /* Button.swift */,
				A9D061B721D265E00093FE04 /* TextField.swift */,
				A997192E21F097CF003868C0 /* StoreKit.swift */,
				A997193021F0DF2A003868C0 /* NotificationHelper.swift */,
			);
			path = HelperMethod;
			sourceTree = "<group>";
		};
		A97C61E621C407D000BBB3EB /* Profile */ = {
			isa = PBXGroup;
			children = (
				A97C61E721C407EF00BBB3EB /* ProfileViewController.swift */,
			);
			path = Profile;
			sourceTree = "<group>";
		};
		A97C61EC21C410B500BBB3EB /* UIView */ = {
			isa = PBXGroup;
			children = (
				A97C61ED21C410E500BBB3EB /* BuyView.swift */,
				A94144D021C965ED00D362E0 /* DetailHeaderView.swift */,
				A94144F321CA981000D362E0 /* CardView.swift */,
				A94144F521CAC37B00D362E0 /* AdsView.swift */,
				A94144F721CAC4E200D362E0 /* ArticleView.swift */,
				A941450A21CFD33A00D362E0 /* LineView.swift */,
				A940F99921EA3EF600522677 /* JoinView.swift */,
			);
			path = UIView;
			sourceTree = "<group>";
		};
		A97C623021C52F9C00BBB3EB /* BuyController */ = {
			isa = PBXGroup;
			children = (
				A97C623121C52FAD00BBB3EB /* BuyController.swift */,
			);
			path = BuyController;
			sourceTree = "<group>";
		};
		A997193A21F1DA20003868C0 /* Subscription */ = {
			isa = PBXGroup;
			children = (
				A997193D21F1DA67003868C0 /* SubscriptionOptionTableViewCell.swift */,
				A997193B21F1DA4C003868C0 /* SubscribeViewController.swift */,
				A997193F21F1DA92003868C0 /* Subscription.storyboard */,
			);
			path = Subscription;
			sourceTree = "<group>";
		};
		A997ACD721E4BC15007C897E /* Settings */ = {
			isa = PBXGroup;
			children = (
				A997ACD521E4BC0E007C897E /* SettingsTableViewController.swift */,
				A997ACD821E4BC30007C897E /* Settings.storyboard */,
				A997ACDA21E4D0CC007C897E /* FrameworksTableViewController.swift */,
				A997ACDE21E4D690007C897E /* DetailLicensesViewController.swift */,
			);
			path = Settings;
			sourceTree = "<group>";
		};
		A9D461F121D160C5005969F5 /* Navigation */ = {
			isa = PBXGroup;
			children = (
				A9D461F221D160DB005969F5 /* NavigationViewController.swift */,
			);
			path = Navigation;
			sourceTree = "<group>";
		};
		A9F9FF6921A4368E00197766 /* Layout */ = {
			isa = PBXGroup;
			children = (
				A9F9FF6A21A436C300197766 /* TinderLayout.swift */,
			);
			path = Layout;
			sourceTree = "<group>";
		};
		B02BFE16DAFD1A758D7E80A1 /* Frameworks */ = {
			isa = PBXGroup;
			children = (
				A90E5D7F21DFF58100B04A23 /* StoreKit.framework */,
				A97C5E8E21C1BF8E00BBB3EB /* AdSupport.framework */,
				BC412A933E6A512F2952AE1A /* Pods_TinderNews.framework */,
			);
			name = Frameworks;
			sourceTree = "<group>";
		};
		C3BFA67BA1349984C0640F00 /* Pods */ = {
			isa = PBXGroup;
			children = (
				88CEFFCE3C8FDC212AF62371 /* Pods-TinderNews.debug.xcconfig */,
				D517FEDF5D75EF4E64341158 /* Pods-TinderNews.release.xcconfig */,
			);
			name = Pods;
			sourceTree = "<group>";
		};
/* End PBXGroup section */

/* Begin PBXNativeTarget section */
		A928958821A183540051EBC5 /* TinderNews */ = {
			isa = PBXNativeTarget;
			buildConfigurationList = A928959B21A183570051EBC5 /* Build configuration list for PBXNativeTarget "TinderNews" */;
			buildPhases = (
				20DF3FC52DDE974164ACDA1F /* [CP] Check Pods Manifest.lock */,
				A928958521A183540051EBC5 /* Sources */,
				A928958621A183540051EBC5 /* Frameworks */,
				A928958721A183540051EBC5 /* Resources */,
				625F206970689DA46515D472 /* [CP] Embed Pods Frameworks */,
			);
			buildRules = (
			);
			dependencies = (
			);
			name = TinderNews;
			productName = TinderNews;
			productReference = A928958921A183540051EBC5 /* TinderNews.app */;
			productType = "com.apple.product-type.application";
		};
/* End PBXNativeTarget section */

/* Begin PBXProject section */
		A928958121A183540051EBC5 /* Project object */ = {
			isa = PBXProject;
			attributes = {
				LastSwiftUpdateCheck = 1010;
				LastUpgradeCheck = 1010;
				ORGANIZATIONNAME = Belkhadir;
				TargetAttributes = {
					A928958821A183540051EBC5 = {
						CreatedOnToolsVersion = 10.1;
						SystemCapabilities = {
							com.apple.InAppPurchase = {
								enabled = 1;
							};
							com.apple.Push = {
								enabled = 1;
							};
							com.apple.SafariKeychain = {
								enabled = 1;
							};
						};
					};
				};
			};
			buildConfigurationList = A928958421A183540051EBC5 /* Build configuration list for PBXProject "TinderNews" */;
			compatibilityVersion = "Xcode 9.3";
			developmentRegion = en;
			hasScannedForEncodings = 0;
			knownRegions = (
				en,
				Base,
			);
			mainGroup = A928958021A183540051EBC5;
			productRefGroup = A928958A21A183540051EBC5 /* Products */;
			projectDirPath = "";
			projectRoot = "";
			targets = (
				A928958821A183540051EBC5 /* TinderNews */,
			);
		};
/* End PBXProject section */

/* Begin PBXResourcesBuildPhase section */
		A928958721A183540051EBC5 /* Resources */ = {
			isa = PBXResourcesBuildPhase;
			buildActionMask = 2147483647;
			files = (
				A97C5E8D21C1BF1500BBB3EB /* GoogleService-Info.plist in Resources */,
				A928959721A183570051EBC5 /* LaunchScreen.storyboard in Resources */,
				A928959421A183570051EBC5 /* Assets.xcassets in Resources */,
				A997194021F1DA92003868C0 /* Subscription.storyboard in Resources */,
				A97C61C921C28AC200BBB3EB /* UnifiedNativeAdView.xib in Resources */,
				A997ACD921E4BC30007C897E /* Settings.storyboard in Resources */,
			);
			runOnlyForDeploymentPostprocessing = 0;
		};
/* End PBXResourcesBuildPhase section */

/* Begin PBXShellScriptBuildPhase section */
		20DF3FC52DDE974164ACDA1F /* [CP] Check Pods Manifest.lock */ = {
			isa = PBXShellScriptBuildPhase;
			buildActionMask = 2147483647;
			files = (
			);
			inputPaths = (
				"${PODS_PODFILE_DIR_PATH}/Podfile.lock",
				"${PODS_ROOT}/Manifest.lock",
			);
			name = "[CP] Check Pods Manifest.lock";
			outputPaths = (
				"$(DERIVED_FILE_DIR)/Pods-TinderNews-checkManifestLockResult.txt",
			);
			runOnlyForDeploymentPostprocessing = 0;
			shellPath = /bin/sh;
			shellScript = "diff \"${PODS_PODFILE_DIR_PATH}/Podfile.lock\" \"${PODS_ROOT}/Manifest.lock\" > /dev/null\nif [ $? != 0 ] ; then\n    # print error to STDERR\n    echo \"error: The sandbox is not in sync with the Podfile.lock. Run 'pod install' or update your CocoaPods installation.\" >&2\n    exit 1\nfi\n# This output is used by Xcode 'outputs' to avoid re-running this script phase.\necho \"SUCCESS\" > \"${SCRIPT_OUTPUT_FILE_0}\"\n";
			showEnvVarsInLog = 0;
		};
		625F206970689DA46515D472 /* [CP] Embed Pods Frameworks */ = {
			isa = PBXShellScriptBuildPhase;
			buildActionMask = 2147483647;
			files = (
			);
			inputPaths = (
				"${SRCROOT}/Pods/Target Support Files/Pods-TinderNews/Pods-TinderNews-frameworks.sh",
				"${BUILT_PRODUCTS_DIR}/GTMSessionFetcher/GTMSessionFetcher.framework",
				"${BUILT_PRODUCTS_DIR}/GoogleToolboxForMac/GoogleToolboxForMac.framework",
				"${BUILT_PRODUCTS_DIR}/GoogleUtilities/GoogleUtilities.framework",
				"${BUILT_PRODUCTS_DIR}/JGProgressHUD/JGProgressHUD.framework",
				"${BUILT_PRODUCTS_DIR}/Protobuf/Protobuf.framework",
				"${BUILT_PRODUCTS_DIR}/SDWebImage/SDWebImage.framework",
				"${BUILT_PRODUCTS_DIR}/nanopb/nanopb.framework",
			);
			name = "[CP] Embed Pods Frameworks";
			outputPaths = (
				"${TARGET_BUILD_DIR}/${FRAMEWORKS_FOLDER_PATH}/GTMSessionFetcher.framework",
				"${TARGET_BUILD_DIR}/${FRAMEWORKS_FOLDER_PATH}/GoogleToolboxForMac.framework",
				"${TARGET_BUILD_DIR}/${FRAMEWORKS_FOLDER_PATH}/GoogleUtilities.framework",
				"${TARGET_BUILD_DIR}/${FRAMEWORKS_FOLDER_PATH}/JGProgressHUD.framework",
				"${TARGET_BUILD_DIR}/${FRAMEWORKS_FOLDER_PATH}/Protobuf.framework",
				"${TARGET_BUILD_DIR}/${FRAMEWORKS_FOLDER_PATH}/SDWebImage.framework",
				"${TARGET_BUILD_DIR}/${FRAMEWORKS_FOLDER_PATH}/nanopb.framework",
			);
			runOnlyForDeploymentPostprocessing = 0;
			shellPath = /bin/sh;
			shellScript = "\"${SRCROOT}/Pods/Target Support Files/Pods-TinderNews/Pods-TinderNews-frameworks.sh\"\n";
			showEnvVarsInLog = 0;
		};
/* End PBXShellScriptBuildPhase section */

/* Begin PBXSourcesBuildPhase section */
		A928958521A183540051EBC5 /* Sources */ = {
			isa = PBXSourcesBuildPhase;
			buildActionMask = 2147483647;
			files = (
				A940F99121E7947200522677 /* CoreDataStackManage.swift in Sources */,
				A997193C21F1DA4C003868C0 /* SubscribeViewController.swift in Sources */,
				A97C623221C52FAD00BBB3EB /* BuyController.swift in Sources */,
				A941451321CFDF7E00D362E0 /* RegisterViewController.swift in Sources */,
				A97C5E9D21C26E4B00BBB3EB /* UserService.swift in Sources */,
				A97C61D721C3D6A800BBB3EB /* Keys.swift in Sources */,
				A92895C221A1FBB80051EBC5 /* PageViewController.swift in Sources */,
				A9670FFD21D6473C0059ECD3 /* HTTPStatus.swift in Sources */,
				A940F99D21EA49A700522677 /* DismissButton.swift in Sources */,
				A92895C021A1FB550051EBC5 /* OnboardingViewController.swift in Sources */,
				A924ECAA21B3F9EA00321D2C /* ResponseData.swift in Sources */,
				A94144F221CA91B900D362E0 /* BasicView.swift in Sources */,
				A9670FFA21D644860059ECD3 /* EchecResponse.swift in Sources */,
				A97C5E9521C26B3200BBB3EB /* User.swift in Sources */,
				A9F9FF6D21A43D8000197766 /* TinderDelegate.swift in Sources */,
				A997192F21F097CF003868C0 /* StoreKit.swift in Sources */,
				A940F99421E7949300522677 /* News.xcdatamodeld in Sources */,
				A97C61D921C3D70200BBB3EB /* Extension+UIViewController.swift in Sources */,
				A92895A921A1F8470051EBC5 /* UIView.swift in Sources */,
				A9D461F321D160DB005969F5 /* NavigationViewController.swift in Sources */,
				A94144FC21CBB33100D362E0 /* DetailsViewController.swift in Sources */,
				A997ACDF21E4D690007C897E /* DetailLicensesViewController.swift in Sources */,
				A940F99821EA0E0D00522677 /* LoginRegisterStackView.swift in Sources */,
				A941450921CD383600D362E0 /* ArticleTableViewCell.swift in Sources */,
				A92895A521A1F8330051EBC5 /* Configurable.swift in Sources */,
				A940F99A21EA3EF600522677 /* JoinView.swift in Sources */,
				A92895AB21A1F87F0051EBC5 /* Article.swift in Sources */,
				A92895B921A1F9B70051EBC5 /* NetworkService.swift in Sources */,
				A94144FA21CADE9600D362E0 /* CardViewDelegate.swift in Sources */,
				A941450B21CFD33A00D362E0 /* LineView.swift in Sources */,
				A94144D621C97A8000D362E0 /* RBResizer.swift in Sources */,
				A94144EB21CA8E1E00D362E0 /* NewsViewController.swift in Sources */,
				A97C61E521C3DF7A00BBB3EB /* LoginResponse.swift in Sources */,
				A94144F821CAC4E200D362E0 /* ArticleView.swift in Sources */,
				A9F9FF6821A435B800197766 /* AdsCollectionViewCell.swift in Sources */,
				A97C5E9921C26DAA00BBB3EB /* UserDefaultKey.swift in Sources */,
				A97C5E9321C26AE700BBB3EB /* LoginDelegate.swift in Sources */,
				A90E5D8221DFF5B400B04A23 /* AppPurchases.swift in Sources */,
				A941450F21CFD9D800D362E0 /* SocialMediaStack.swift in Sources */,
				A97C61DB21C3D72100BBB3EB /* Extension+Encodable.swift in Sources */,
				A97C61DF21C3D76400BBB3EB /* FromBackgroundToMain.swift in Sources */,
				A97C61EE21C410E500BBB3EB /* BuyView.swift in Sources */,
				A94144F621CAC37B00D362E0 /* AdsView.swift in Sources */,
				A92895BA21A1F9B70051EBC5 /* DataResponceError.swift in Sources */,
				A91E93A121BD4B2700AF4B77 /* NewsSerrvice.swift in Sources */,
				A9F9FF6B21A436C300197766 /* TinderLayout.swift in Sources */,
				A94144F021CA90F500D362E0 /* HomebottomStackView.swift in Sources */,
				A97C61D221C3D12600BBB3EB /* EndPath.swift in Sources */,
				A97C61E121C3D79400BBB3EB /* Extension+String.swift in Sources */,
				A97C61E321C3DA9F00BBB3EB /* AdmobToken.swift in Sources */,
				A97C61D421C3D1C100BBB3EB /* EndURL.swift in Sources */,
				A924ECA821B3F95800321D2C /* Page.swift in Sources */,
				A941450721CBE98100D362E0 /* FavoriteCollectionViewCell.swift in Sources */,
				A94144EE21CA909400D362E0 /* NavigationStackView.swift in Sources */,
				A940F99621E79AC500522677 /* Favorite.swift in Sources */,
				A97C61CC21C2E59C00BBB3EB /* DetailNewsTableViewController.swift in Sources */,
				A97C5E9F21C26EC300BBB3EB /* UserResponse.swift in Sources */,
				A92895C921A1FEC20051EBC5 /* NewsCollectionViewCell.swift in Sources */,
				A92895A621A1F8330051EBC5 /* Identifiable.swift in Sources */,
				A997193321F0EC38003868C0 /* Unlocked.swift in Sources */,
				A97C5E9121C26A8800BBB3EB /* Login.swift in Sources */,
				A97C622F21C52C0800BBB3EB /* GradientButton.swift in Sources */,
				A97C61E821C407EF00BBB3EB /* ProfileViewController.swift in Sources */,
				A997193721F0F860003868C0 /* SubscriptionService.swift in Sources */,
				A941450521CBE97800D362E0 /* SettingsCollectionViewCell.swift in Sources */,
				A9D061B821D265E00093FE04 /* TextField.swift in Sources */,
				A94144D421C9685000D362E0 /* AdsTableViewCell.swift in Sources */,
				A997193521F0F851003868C0 /* Subscription.swift in Sources */,
				A941450D21CFD3D200D362E0 /* SeperatorStackView.swift in Sources */,
				A997ACD621E4BC0E007C897E /* SettingsTableViewController.swift in Sources */,
				A94144F421CA981000D362E0 /* CardView.swift in Sources */,
				A997ACD421E4B1EE007C897E /* RazeFaceProducts.swift in Sources */,
				A928958D21A183540051EBC5 /* AppDelegate.swift in Sources */,
				A941451521CFDFB000D362E0 /* JoinViewController.swift in Sources */,
				A997ACDB21E4D0CC007C897E /* FrameworksTableViewController.swift in Sources */,
				A90E5D7B21DD407900B04A23 /* Extension+Array.swift in Sources */,
				A997ACD221E4B1D9007C897E /* IAPHelper.swift in Sources */,
				A97C5E9721C26CD000BBB3EB /* LoginViewController.swift in Sources */,
				A941450321CBE78A00D362E0 /* HomeCollectionViewCell.swift in Sources */,
				A997193E21F1DA67003868C0 /* SubscriptionOptionTableViewCell.swift in Sources */,
				A997193121F0DF2A003868C0 /* NotificationHelper.swift in Sources */,
				A941451121CFDA1100D362E0 /* Button.swift in Sources */,
				A97C61CE21C3C80800BBB3EB /* CardCollectionViewCell.swift in Sources */,
				A997193921F0F991003868C0 /* PaidSubscription.swift in Sources */,
				A941450121CBE56300D362E0 /* MainViewController.swift in Sources */,
				A92895BB21A1F9B70051EBC5 /* Result.swift in Sources */,
				A94144D121C965ED00D362E0 /* DetailHeaderView.swift in Sources */,
			);
			runOnlyForDeploymentPostprocessing = 0;
		};
/* End PBXSourcesBuildPhase section */

/* Begin PBXVariantGroup section */
		A928959521A183570051EBC5 /* LaunchScreen.storyboard */ = {
			isa = PBXVariantGroup;
			children = (
				A928959621A183570051EBC5 /* Base */,
			);
			name = LaunchScreen.storyboard;
			sourceTree = "<group>";
		};
/* End PBXVariantGroup section */

/* Begin XCBuildConfiguration section */
		A928959921A183570051EBC5 /* Debug */ = {
			isa = XCBuildConfiguration;
			buildSettings = {
				ALWAYS_SEARCH_USER_PATHS = NO;
				CLANG_ANALYZER_NONNULL = YES;
				CLANG_ANALYZER_NUMBER_OBJECT_CONVERSION = YES_AGGRESSIVE;
				CLANG_CXX_LANGUAGE_STANDARD = "gnu++14";
				CLANG_CXX_LIBRARY = "libc++";
				CLANG_ENABLE_MODULES = YES;
				CLANG_ENABLE_OBJC_ARC = YES;
				CLANG_ENABLE_OBJC_WEAK = YES;
				CLANG_WARN_BLOCK_CAPTURE_AUTORELEASING = YES;
				CLANG_WARN_BOOL_CONVERSION = YES;
				CLANG_WARN_COMMA = YES;
				CLANG_WARN_CONSTANT_CONVERSION = YES;
				CLANG_WARN_DEPRECATED_OBJC_IMPLEMENTATIONS = YES;
				CLANG_WARN_DIRECT_OBJC_ISA_USAGE = YES_ERROR;
				CLANG_WARN_DOCUMENTATION_COMMENTS = YES;
				CLANG_WARN_EMPTY_BODY = YES;
				CLANG_WARN_ENUM_CONVERSION = YES;
				CLANG_WARN_INFINITE_RECURSION = YES;
				CLANG_WARN_INT_CONVERSION = YES;
				CLANG_WARN_NON_LITERAL_NULL_CONVERSION = YES;
				CLANG_WARN_OBJC_IMPLICIT_RETAIN_SELF = YES;
				CLANG_WARN_OBJC_LITERAL_CONVERSION = YES;
				CLANG_WARN_OBJC_ROOT_CLASS = YES_ERROR;
				CLANG_WARN_RANGE_LOOP_ANALYSIS = YES;
				CLANG_WARN_STRICT_PROTOTYPES = YES;
				CLANG_WARN_SUSPICIOUS_MOVE = YES;
				CLANG_WARN_UNGUARDED_AVAILABILITY = YES_AGGRESSIVE;
				CLANG_WARN_UNREACHABLE_CODE = YES;
				CLANG_WARN__DUPLICATE_METHOD_MATCH = YES;
				CODE_SIGN_IDENTITY = "iPhone Developer";
				COPY_PHASE_STRIP = NO;
				DEBUG_INFORMATION_FORMAT = dwarf;
				ENABLE_STRICT_OBJC_MSGSEND = YES;
				ENABLE_TESTABILITY = YES;
				GCC_C_LANGUAGE_STANDARD = gnu11;
				GCC_DYNAMIC_NO_PIC = NO;
				GCC_NO_COMMON_BLOCKS = YES;
				GCC_OPTIMIZATION_LEVEL = 0;
				GCC_PREPROCESSOR_DEFINITIONS = (
					"DEBUG=1",
					"$(inherited)",
				);
				GCC_WARN_64_TO_32_BIT_CONVERSION = YES;
				GCC_WARN_ABOUT_RETURN_TYPE = YES_ERROR;
				GCC_WARN_UNDECLARED_SELECTOR = YES;
				GCC_WARN_UNINITIALIZED_AUTOS = YES_AGGRESSIVE;
				GCC_WARN_UNUSED_FUNCTION = YES;
				GCC_WARN_UNUSED_VARIABLE = YES;
				IPHONEOS_DEPLOYMENT_TARGET = 12.1;
				MTL_ENABLE_DEBUG_INFO = INCLUDE_SOURCE;
				MTL_FAST_MATH = YES;
				ONLY_ACTIVE_ARCH = YES;
				SDKROOT = iphoneos;
				SWIFT_ACTIVE_COMPILATION_CONDITIONS = DEBUG;
				SWIFT_OPTIMIZATION_LEVEL = "-Onone";
			};
			name = Debug;
		};
		A928959A21A183570051EBC5 /* Release */ = {
			isa = XCBuildConfiguration;
			buildSettings = {
				ALWAYS_SEARCH_USER_PATHS = NO;
				CLANG_ANALYZER_NONNULL = YES;
				CLANG_ANALYZER_NUMBER_OBJECT_CONVERSION = YES_AGGRESSIVE;
				CLANG_CXX_LANGUAGE_STANDARD = "gnu++14";
				CLANG_CXX_LIBRARY = "libc++";
				CLANG_ENABLE_MODULES = YES;
				CLANG_ENABLE_OBJC_ARC = YES;
				CLANG_ENABLE_OBJC_WEAK = YES;
				CLANG_WARN_BLOCK_CAPTURE_AUTORELEASING = YES;
				CLANG_WARN_BOOL_CONVERSION = YES;
				CLANG_WARN_COMMA = YES;
				CLANG_WARN_CONSTANT_CONVERSION = YES;
				CLANG_WARN_DEPRECATED_OBJC_IMPLEMENTATIONS = YES;
				CLANG_WARN_DIRECT_OBJC_ISA_USAGE = YES_ERROR;
				CLANG_WARN_DOCUMENTATION_COMMENTS = YES;
				CLANG_WARN_EMPTY_BODY = YES;
				CLANG_WARN_ENUM_CONVERSION = YES;
				CLANG_WARN_INFINITE_RECURSION = YES;
				CLANG_WARN_INT_CONVERSION = YES;
				CLANG_WARN_NON_LITERAL_NULL_CONVERSION = YES;
				CLANG_WARN_OBJC_IMPLICIT_RETAIN_SELF = YES;
				CLANG_WARN_OBJC_LITERAL_CONVERSION = YES;
				CLANG_WARN_OBJC_ROOT_CLASS = YES_ERROR;
				CLANG_WARN_RANGE_LOOP_ANALYSIS = YES;
				CLANG_WARN_STRICT_PROTOTYPES = YES;
				CLANG_WARN_SUSPICIOUS_MOVE = YES;
				CLANG_WARN_UNGUARDED_AVAILABILITY = YES_AGGRESSIVE;
				CLANG_WARN_UNREACHABLE_CODE = YES;
				CLANG_WARN__DUPLICATE_METHOD_MATCH = YES;
				CODE_SIGN_IDENTITY = "iPhone Developer";
				COPY_PHASE_STRIP = NO;
				DEBUG_INFORMATION_FORMAT = "dwarf-with-dsym";
				ENABLE_NS_ASSERTIONS = NO;
				ENABLE_STRICT_OBJC_MSGSEND = YES;
				GCC_C_LANGUAGE_STANDARD = gnu11;
				GCC_NO_COMMON_BLOCKS = YES;
				GCC_WARN_64_TO_32_BIT_CONVERSION = YES;
				GCC_WARN_ABOUT_RETURN_TYPE = YES_ERROR;
				GCC_WARN_UNDECLARED_SELECTOR = YES;
				GCC_WARN_UNINITIALIZED_AUTOS = YES_AGGRESSIVE;
				GCC_WARN_UNUSED_FUNCTION = YES;
				GCC_WARN_UNUSED_VARIABLE = YES;
				IPHONEOS_DEPLOYMENT_TARGET = 12.1;
				MTL_ENABLE_DEBUG_INFO = NO;
				MTL_FAST_MATH = YES;
				SDKROOT = iphoneos;
				SWIFT_COMPILATION_MODE = wholemodule;
				SWIFT_OPTIMIZATION_LEVEL = "-O";
				VALIDATE_PRODUCT = YES;
			};
			name = Release;
		};
		A928959C21A183570051EBC5 /* Debug */ = {
			isa = XCBuildConfiguration;
			baseConfigurationReference = 88CEFFCE3C8FDC212AF62371 /* Pods-TinderNews.debug.xcconfig */;
			buildSettings = {
				ASSETCATALOG_COMPILER_APPICON_NAME = AppIcon;
				CODE_SIGN_ENTITLEMENTS = TinderNews/TinderNews.entitlements;
				CODE_SIGN_STYLE = Automatic;
				DEVELOPMENT_TEAM = G8GJLLZVYS;
				INFOPLIST_FILE = TinderNews/Info.plist;
				LD_RUNPATH_SEARCH_PATHS = (
					"$(inherited)",
					"@executable_path/Frameworks",
				);
				PRODUCT_BUNDLE_IDENTIFIER = com.newsgreatagain.newsgreatagain;
				PRODUCT_NAME = "$(TARGET_NAME)";
				SWIFT_VERSION = 4.2;
				TARGETED_DEVICE_FAMILY = 1;
			};
			name = Debug;
		};
		A928959D21A183570051EBC5 /* Release */ = {
			isa = XCBuildConfiguration;
			baseConfigurationReference = D517FEDF5D75EF4E64341158 /* Pods-TinderNews.release.xcconfig */;
			buildSettings = {
				ASSETCATALOG_COMPILER_APPICON_NAME = AppIcon;
				CODE_SIGN_ENTITLEMENTS = TinderNews/TinderNews.entitlements;
				CODE_SIGN_STYLE = Automatic;
				DEVELOPMENT_TEAM = G8GJLLZVYS;
				INFOPLIST_FILE = TinderNews/Info.plist;
				LD_RUNPATH_SEARCH_PATHS = (
					"$(inherited)",
					"@executable_path/Frameworks",
				);
				PRODUCT_BUNDLE_IDENTIFIER = com.newsgreatagain.newsgreatagain;
				PRODUCT_NAME = "$(TARGET_NAME)";
				SWIFT_VERSION = 4.2;
				TARGETED_DEVICE_FAMILY = 1;
			};
			name = Release;
		};
/* End XCBuildConfiguration section */

/* Begin XCConfigurationList section */
		A928958421A183540051EBC5 /* Build configuration list for PBXProject "TinderNews" */ = {
			isa = XCConfigurationList;
			buildConfigurations = (
				A928959921A183570051EBC5 /* Debug */,
				A928959A21A183570051EBC5 /* Release */,
			);
			defaultConfigurationIsVisible = 0;
			defaultConfigurationName = Release;
		};
		A928959B21A183570051EBC5 /* Build configuration list for PBXNativeTarget "TinderNews" */ = {
			isa = XCConfigurationList;
			buildConfigurations = (
				A928959C21A183570051EBC5 /* Debug */,
				A928959D21A183570051EBC5 /* Release */,
			);
			defaultConfigurationIsVisible = 0;
			defaultConfigurationName = Release;
		};
/* End XCConfigurationList section */

/* Begin XCVersionGroup section */
		A940F99221E7949300522677 /* News.xcdatamodeld */ = {
			isa = XCVersionGroup;
			children = (
				A940F99321E7949300522677 /* News.xcdatamodel */,
			);
			currentVersion = A940F99321E7949300522677 /* News.xcdatamodel */;
			path = News.xcdatamodeld;
			sourceTree = "<group>";
			versionGroupType = wrapper.xcdatamodel;
		};
/* End XCVersionGroup section */
	};
	rootObject = A928958121A183540051EBC5 /* Project object */;
}
